
Microsoft Visual Studio Solution File, Format Version 12.00
# Visual Studio 15
VisualStudioVersion = 15.0.28307.645
MinimumVisualStudioVersion = 10.0.40219.1
Project("{FAE04EC0-301F-11D3-BF4B-00C04F79EFBC}") = "prj_Noteo", "prj_Noteo\prj_Noteo.csproj", "{717EDD82-4D61-4CC7-874A-F08B6308B186}"
EndProject
Global
	GlobalSection(SolutionConfigurationPlatforms) = preSolution
		Debug|Any CPU = Debug|Any CPU
		Release|Any CPU = Release|Any CPU
	EndGlobalSection
	GlobalSection(ProjectConfigurationPlatforms) = postSolution
		{717EDD82-4D61-4CC7-874A-F08B6308B186}.Debug|Any CPU.ActiveCfg = Debug|Any CPU
		{717EDD82-4D61-4CC7-874A-F08B6308B186}.Debug|Any CPU.Build.0 = Debug|Any CPU
		{717EDD82-4D61-4CC7-874A-F08B6308B186}.Release|Any CPU.ActiveCfg = Release|Any CPU
		{717EDD82-4D61-4CC7-874A-F08B6308B186}.Release|Any CPU.Build.0 = Release|Any CPU
	EndGlobalSection
	GlobalSection(SolutionProperties) = preSolution
		HideSolutionNode = FALSE
	EndGlobalSection
	GlobalSection(ExtensibilityGlobals) = postSolution
		SolutionGuid = {189CA8AD-8397-4EEC-AE9B-D5A547A000D5}
	EndGlobalSection
EndGlobal
